{
  "name": "@constchat/desktop",
  "version": "0.2.14",
  "lockfileVersion": 3,
  "requires": true,
  "packages": {
    "": {
      "name": "@constchat/desktop",
      "version": "0.2.14",
      "dependencies": {
        "electron-store": "^8.2.0",
        "electron-updater": "^6.2.0"
      },
      "devDependencies": {
        "electron": "^33.0.0",
        "electron-builder": "^25.0.0"
      }
    },
    "../../node_modules/.pnpm/electron-builder@25.1.8_electron-builder-squirrel-windows@25.1.8_dmg-builder@25.1.8_/node_modules/electron-builder": {
      "version": "25.1.8",
      "dev": true,
      "license": "MIT",
      "dependencies": {
        "app-builder-lib": "25.1.8",
        "builder-util": "25.1.7",
        "builder-util-runtime": "9.2.10",
        "chalk": "^4.1.2",
        "dmg-builder": "25.1.8",
        "fs-extra": "^10.1.0",
        "is-ci": "^3.0.0",
        "lazy-val": "^1.0.5",
        "simple-update-notifier": "2.0.0",
        "yargs": "^17.6.2"
      },
      "bin": {
        "electron-builder": "cli.js",
        "install-app-deps": "install-app-deps.js"
      },
      "devDependencies": {
        "@types/fs-extra": "9.0.13",
        "@types/is-ci": "3.0.0",
        "@types/yargs": "^17.0.16"
      },
      "engines": {
        "node": ">=14.0.0"
      }
    },
    "../../node_modules/.pnpm/electron-store@8.2.0/node_modules/electron-store": {
      "version": "8.2.0",
      "license": "MIT",
      "dependencies": {
        "conf": "^10.2.0",
        "type-fest": "^2.17.0"
      },
      "devDependencies": {
        "ava": "^2.4.0",
        "electron": "^12.0.4",
        "execa": "^5.0.0",
        "tsd": "^0.14.0",
        "xo": "^0.38.2"
      },
      "funding": {
        "url": "https://github.com/sponsors/sindresorhus"
      }
    },
    "../../node_modules/.pnpm/electron-updater@6.8.3/node_modules/electron-updater": {
      "version": "6.8.3",
      "license": "MIT",
      "dependencies": {
        "builder-util-runtime": "9.5.1",
        "fs-extra": "^10.1.0",
        "js-yaml": "^4.1.0",
        "lazy-val": "^1.0.5",
        "lodash.escaperegexp": "^4.1.2",
        "lodash.isequal": "^4.5.0",
        "semver": "~7.7.3",
        "tiny-typed-emitter": "^2.1.0"
      },
      "devDependencies": {
        "@types/fs-extra": "9.0.13",
        "@types/js-yaml": "4.0.3",
        "@types/lodash.escaperegexp": "4.1.6",
        "@types/lodash.isequal": "4.5.5",
        "@types/semver": "7.7.1",
        "electron": "35.7.5"
      }
    },
    "../../node_modules/.pnpm/electron@33.4.11/node_modules/electron": {
      "version": "33.4.11",
      "dev": true,
      "hasInstallScript": true,
      "license": "MIT",
      "dependencies": {
        "@electron/get": "^2.0.0",
        "@types/node": "^20.9.0",
        "extract-zip": "^2.0.1"
      },
      "bin": {
        "electron": "cli.js"
      },
      "engines": {
        "node": ">= 12.20.55"
      }
    },
    "node_modules/electron": {
      "resolved": "../../node_modules/.pnpm/electron@33.4.11/node_modules/electron",
      "link": true
    },
    "node_modules/electron-builder": {
      "resolved": "../../node_modules/.pnpm/electron-builder@25.1.8_electron-builder-squirrel-windows@25.1.8_dmg-builder@25.1.8_/node_modules/electron-builder",
      "link": true
    },
    "node_modules/electron-store": {
      "resolved": "../../node_modules/.pnpm/electron-store@8.2.0/node_modules/electron-store",
      "link": true
    },
    "node_modules/electron-updater": {
      "resolved": "../../node_modules/.pnpm/electron-updater@6.8.3/node_modules/electron-updater",
      "link": true
    }
  }
}
